
Microsoft Visual Studio Solution File, Format Version 12.00
# Visual Studio Version 17
VisualStudioVersion = 17.9.34622.214
MinimumVisualStudioVersion = 10.0.40219.1
Project("{FAE04EC0-301F-11D3-BF4B-00C04F79EFBC}") = "MathOperations.WebApi", "MathOperations.WebApi\MathOperations.WebApi.csproj", "{E1DDF555-8AF3-4775-80A4-CDF797682C86}"
EndProject
Project("{FAE04EC0-301F-11D3-BF4B-00C04F79EFBC}") = "MathOperations.Models", "MathOperations.Models\MathOperations.Models.csproj", "{35A11A73-9D76-43EC-9DE6-E685A13FC612}"
EndProject
Project("{FAE04EC0-301F-11D3-BF4B-00C04F79EFBC}") = "MathOperations.Services", "MathOperations.Services\MathOperations.Services.csproj", "{DE39BC5B-E2F0-46D7-A705-3354D74F210B}"
EndProject
Project("{FAE04EC0-301F-11D3-BF4B-00C04F79EFBC}") = "MathOperations.UnitTests", "MathOperations.UnitTests\MathOperations.UnitTests.csproj", "{E7E56AF7-8E41-433F-80B3-BCB9E6B25AC5}"
EndProject
Global
	GlobalSection(SolutionConfigurationPlatforms) = preSolution
		Debug|Any CPU = Debug|Any CPU
		Release|Any CPU = Release|Any CPU
	EndGlobalSection
	GlobalSection(ProjectConfigurationPlatforms) = postSolution
		{E1DDF555-8AF3-4775-80A4-CDF797682C86}.Debug|Any CPU.ActiveCfg = Debug|Any CPU
		{E1DDF555-8AF3-4775-80A4-CDF797682C86}.Debug|Any CPU.Build.0 = Debug|Any CPU
		{E1DDF555-8AF3-4775-80A4-CDF797682C86}.Release|Any CPU.ActiveCfg = Release|Any CPU
		{E1DDF555-8AF3-4775-80A4-CDF797682C86}.Release|Any CPU.Build.0 = Release|Any CPU
		{35A11A73-9D76-43EC-9DE6-E685A13FC612}.Debug|Any CPU.ActiveCfg = Debug|Any CPU
		{35A11A73-9D76-43EC-9DE6-E685A13FC612}.Debug|Any CPU.Build.0 = Debug|Any CPU
		{35A11A73-9D76-43EC-9DE6-E685A13FC612}.Release|Any CPU.ActiveCfg = Release|Any CPU
		{35A11A73-9D76-43EC-9DE6-E685A13FC612}.Release|Any CPU.Build.0 = Release|Any CPU
		{DE39BC5B-E2F0-46D7-A705-3354D74F210B}.Debug|Any CPU.ActiveCfg = Debug|Any CPU
		{DE39BC5B-E2F0-46D7-A705-3354D74F210B}.Debug|Any CPU.Build.0 = Debug|Any CPU
		{DE39BC5B-E2F0-46D7-A705-3354D74F210B}.Release|Any CPU.ActiveCfg = Release|Any CPU
		{DE39BC5B-E2F0-46D7-A705-3354D74F210B}.Release|Any CPU.Build.0 = Release|Any CPU
		{E7E56AF7-8E41-433F-80B3-BCB9E6B25AC5}.Debug|Any CPU.ActiveCfg = Debug|Any CPU
		{E7E56AF7-8E41-433F-80B3-BCB9E6B25AC5}.Debug|Any CPU.Build.0 = Debug|Any CPU
		{E7E56AF7-8E41-433F-80B3-BCB9E6B25AC5}.Release|Any CPU.ActiveCfg = Release|Any CPU
		{E7E56AF7-8E41-433F-80B3-BCB9E6B25AC5}.Release|Any CPU.Build.0 = Release|Any CPU
	EndGlobalSection
	GlobalSection(SolutionProperties) = preSolution
		HideSolutionNode = FALSE
	EndGlobalSection
	GlobalSection(ExtensibilityGlobals) = postSolution
		SolutionGuid = {19E40927-5389-4C6A-8E8B-12C9C1B8C455}
	EndGlobalSection
EndGlobal
